
Microsoft Visual Studio Solution File, Format Version 12.00
# Visual Studio Version 17
VisualStudioVersion = 17.0.31903.59
MinimumVisualStudioVersion = 10.0.40219.1
Project("{FAE04EC0-301F-11D3-BF4B-00C04F79EFBC}") = "Project1", "Project1\Project1.csproj", "{B847038D-7515-429E-9546-9A90FFB9B6DC}"
EndProject
Project("{FAE04EC0-301F-11D3-BF4B-00C04F79EFBC}") = "Project2", "Project2\Project2.csproj", "{1D641E46-7724-4028-9F0B-1BA09D970B4F}"
EndProject
Global
	GlobalSection(SolutionConfigurationPlatforms) = preSolution
		Debug|Any CPU = Debug|Any CPU
		Debug|x64 = Debug|x64
		Debug|x86 = Debug|x86
		Release|Any CPU = Release|Any CPU
		Release|x64 = Release|x64
		Release|x86 = Release|x86
	EndGlobalSection
	GlobalSection(ProjectConfigurationPlatforms) = postSolution
		{B847038D-7515-429E-9546-9A90FFB9B6DC}.Debug|Any CPU.ActiveCfg = Debug|Any CPU
		{B847038D-7515-429E-9546-9A90FFB9B6DC}.Debug|Any CPU.Build.0 = Debug|Any CPU
		{B847038D-7515-429E-9546-9A90FFB9B6DC}.Debug|x64.ActiveCfg = Debug|Any CPU
		{B847038D-7515-429E-9546-9A90FFB9B6DC}.Debug|x64.Build.0 = Debug|Any CPU
		{B847038D-7515-429E-9546-9A90FFB9B6DC}.Debug|x86.ActiveCfg = Debug|Any CPU
		{B847038D-7515-429E-9546-9A90FFB9B6DC}.Debug|x86.Build.0 = Debug|Any CPU
		{B847038D-7515-429E-9546-9A90FFB9B6DC}.Release|Any CPU.ActiveCfg = Release|Any CPU
		{B847038D-7515-429E-9546-9A90FFB9B6DC}.Release|Any CPU.Build.0 = Release|Any CPU
		{B847038D-7515-429E-9546-9A90FFB9B6DC}.Release|x64.ActiveCfg = Release|Any CPU
		{B847038D-7515-429E-9546-9A90FFB9B6DC}.Release|x64.Build.0 = Release|Any CPU
		{B847038D-7515-429E-9546-9A90FFB9B6DC}.Release|x86.ActiveCfg = Release|Any CPU
		{B847038D-7515-429E-9546-9A90FFB9B6DC}.Release|x86.Build.0 = Release|Any CPU
		{1D641E46-7724-4028-9F0B-1BA09D970B4F}.Debug|Any CPU.ActiveCfg = Debug|Any CPU
		{1D641E46-7724-4028-9F0B-1BA09D970B4F}.Debug|Any CPU.Build.0 = Debug|Any CPU
		{1D641E46-7724-4028-9F0B-1BA09D970B4F}.Debug|x64.ActiveCfg = Debug|Any CPU
		{1D641E46-7724-4028-9F0B-1BA09D970B4F}.Debug|x64.Build.0 = Debug|Any CPU
		{1D641E46-7724-4028-9F0B-1BA09D970B4F}.Debug|x86.ActiveCfg = Debug|Any CPU
		{1D641E46-7724-4028-9F0B-1BA09D970B4F}.Debug|x86.Build.0 = Debug|Any CPU
		{1D641E46-7724-4028-9F0B-1BA09D970B4F}.Release|Any CPU.ActiveCfg = Release|Any CPU
		{1D641E46-7724-4028-9F0B-1BA09D970B4F}.Release|Any CPU.Build.0 = Release|Any CPU
		{1D641E46-7724-4028-9F0B-1BA09D970B4F}.Release|x64.ActiveCfg = Release|Any CPU
		{1D641E46-7724-4028-9F0B-1BA09D970B4F}.Release|x64.Build.0 = Release|Any CPU
		{1D641E46-7724-4028-9F0B-1BA09D970B4F}.Release|x86.ActiveCfg = Release|Any CPU
		{1D641E46-7724-4028-9F0B-1BA09D970B4F}.Release|x86.Build.0 = Release|Any CPU
	EndGlobalSection
	GlobalSection(SolutionProperties) = preSolution
		HideSolutionNode = FALSE
	EndGlobalSection
EndGlobal
